
Microsoft Visual Studio Solution File, Format Version 12.00
# Visual Studio 15
VisualStudioVersion = 15.0.26430.13
MinimumVisualStudioVersion = 10.0.40219.1
Project("{FAE04EC0-301F-11D3-BF4B-00C04F79EFBC}") = "Manulife.TopFiveWebsites.Web", "Manulife.TopFiveWebsites.Web\Manulife.TopFiveWebsites.Web.csproj", "{31D1775B-F05C-46FE-BA26-C0E0F5DE87E4}"
EndProject
Project("{FAE04EC0-301F-11D3-BF4B-00C04F79EFBC}") = "Manulife.TopFiveWebsites.Service", "Manulife.TopFiveWebsites.Service\Manulife.TopFiveWebsites.Service.csproj", "{5349F536-2393-4A53-B7A7-731236C7C2BB}"
EndProject
Project("{FAE04EC0-301F-11D3-BF4B-00C04F79EFBC}") = "Manulife.TopFiveWebsites.Repository", "Manulife.TopFiveWebsites.Repository\Manulife.TopFiveWebsites.Repository.csproj", "{39AAF113-2476-4BE6-A10F-B6C31180C561}"
EndProject
Project("{FAE04EC0-301F-11D3-BF4B-00C04F79EFBC}") = "Manulife.TopFiveWebsites.Entity", "Manulife.TopFiveWebsites.Entity\Manulife.TopFiveWebsites.Entity.csproj", "{7B4A9D0E-E5F4-4B5C-BF2E-B0B4C493C4BD}"
EndProject
Project("{FAE04EC0-301F-11D3-BF4B-00C04F79EFBC}") = "Manulife.TopFiveWebsites.Service.Test", "Manulife.TopFiveWebsites.Service.Test\Manulife.TopFiveWebsites.Service.Test.csproj", "{EB526109-9FB2-4F85-AA45-5835E5B9FBBF}"
EndProject
Project("{FAE04EC0-301F-11D3-BF4B-00C04F79EFBC}") = "Manulife.TopFiveWebsites.Repository.Test", "Manulife.TopFiveWebsites.Repository.Test\Manulife.TopFiveWebsites.Repository.Test.csproj", "{9DF5FC94-6533-4348-A814-8B47D6FC14A8}"
EndProject
Project("{FAE04EC0-301F-11D3-BF4B-00C04F79EFBC}") = "Manulife.TopFiveWebsites.DataImporter", "Manulife.TopFiveWebsites.DataImporter\Manulife.TopFiveWebsites.DataImporter.csproj", "{6CCBE4AC-BC76-4F84-A2D9-AC2DC17DAE4C}"
EndProject
Project("{2150E333-8FDC-42A3-9474-1A3956D46DE8}") = "Misc", "Misc", "{77ECE208-F3B3-4795-BC94-F3296339462E}"
	ProjectSection(SolutionItems) = preProject
		..\README.md = ..\README.md
		..\TopFiveWebsites.20170707.sql = ..\TopFiveWebsites.20170707.sql
	EndProjectSection
EndProject
Project("{FAE04EC0-301F-11D3-BF4B-00C04F79EFBC}") = "Manulife.TopFiveWebsites.Service.Interface", "Manulife.TopFiveWebsites.Service.Interface\Manulife.TopFiveWebsites.Service.Interface.csproj", "{6B4454FD-F21C-40CA-B1DB-11C184F69A62}"
EndProject
Project("{FAE04EC0-301F-11D3-BF4B-00C04F79EFBC}") = "Manulife.TopFiveWebsites.Repository.Interface", "Manulife.TopFiveWebsites.Repository.Interface\Manulife.TopFiveWebsites.Repository.Interface.csproj", "{36BD8281-E30D-4529-8E8D-F6D1203A16E8}"
EndProject
Global
	GlobalSection(SolutionConfigurationPlatforms) = preSolution
		Debug|Any CPU = Debug|Any CPU
		Release|Any CPU = Release|Any CPU
	EndGlobalSection
	GlobalSection(ProjectConfigurationPlatforms) = postSolution
		{31D1775B-F05C-46FE-BA26-C0E0F5DE87E4}.Debug|Any CPU.ActiveCfg = Debug|Any CPU
		{31D1775B-F05C-46FE-BA26-C0E0F5DE87E4}.Debug|Any CPU.Build.0 = Debug|Any CPU
		{31D1775B-F05C-46FE-BA26-C0E0F5DE87E4}.Release|Any CPU.ActiveCfg = Release|Any CPU
		{31D1775B-F05C-46FE-BA26-C0E0F5DE87E4}.Release|Any CPU.Build.0 = Release|Any CPU
		{5349F536-2393-4A53-B7A7-731236C7C2BB}.Debug|Any CPU.ActiveCfg = Debug|Any CPU
		{5349F536-2393-4A53-B7A7-731236C7C2BB}.Debug|Any CPU.Build.0 = Debug|Any CPU
		{5349F536-2393-4A53-B7A7-731236C7C2BB}.Release|Any CPU.ActiveCfg = Release|Any CPU
		{5349F536-2393-4A53-B7A7-731236C7C2BB}.Release|Any CPU.Build.0 = Release|Any CPU
		{39AAF113-2476-4BE6-A10F-B6C31180C561}.Debug|Any CPU.ActiveCfg = Debug|Any CPU
		{39AAF113-2476-4BE6-A10F-B6C31180C561}.Debug|Any CPU.Build.0 = Debug|Any CPU
		{39AAF113-2476-4BE6-A10F-B6C31180C561}.Release|Any CPU.ActiveCfg = Release|Any CPU
		{39AAF113-2476-4BE6-A10F-B6C31180C561}.Release|Any CPU.Build.0 = Release|Any CPU
		{7B4A9D0E-E5F4-4B5C-BF2E-B0B4C493C4BD}.Debug|Any CPU.ActiveCfg = Debug|Any CPU
		{7B4A9D0E-E5F4-4B5C-BF2E-B0B4C493C4BD}.Debug|Any CPU.Build.0 = Debug|Any CPU
		{7B4A9D0E-E5F4-4B5C-BF2E-B0B4C493C4BD}.Release|Any CPU.ActiveCfg = Release|Any CPU
		{7B4A9D0E-E5F4-4B5C-BF2E-B0B4C493C4BD}.Release|Any CPU.Build.0 = Release|Any CPU
		{EB526109-9FB2-4F85-AA45-5835E5B9FBBF}.Debug|Any CPU.ActiveCfg = Debug|Any CPU
		{EB526109-9FB2-4F85-AA45-5835E5B9FBBF}.Debug|Any CPU.Build.0 = Debug|Any CPU
		{EB526109-9FB2-4F85-AA45-5835E5B9FBBF}.Release|Any CPU.ActiveCfg = Release|Any CPU
		{EB526109-9FB2-4F85-AA45-5835E5B9FBBF}.Release|Any CPU.Build.0 = Release|Any CPU
		{9DF5FC94-6533-4348-A814-8B47D6FC14A8}.Debug|Any CPU.ActiveCfg = Debug|Any CPU
		{9DF5FC94-6533-4348-A814-8B47D6FC14A8}.Debug|Any CPU.Build.0 = Debug|Any CPU
		{9DF5FC94-6533-4348-A814-8B47D6FC14A8}.Release|Any CPU.ActiveCfg = Release|Any CPU
		{9DF5FC94-6533-4348-A814-8B47D6FC14A8}.Release|Any CPU.Build.0 = Release|Any CPU
		{6CCBE4AC-BC76-4F84-A2D9-AC2DC17DAE4C}.Debug|Any CPU.ActiveCfg = Debug|Any CPU
		{6CCBE4AC-BC76-4F84-A2D9-AC2DC17DAE4C}.Debug|Any CPU.Build.0 = Debug|Any CPU
		{6CCBE4AC-BC76-4F84-A2D9-AC2DC17DAE4C}.Release|Any CPU.ActiveCfg = Release|Any CPU
		{6CCBE4AC-BC76-4F84-A2D9-AC2DC17DAE4C}.Release|Any CPU.Build.0 = Release|Any CPU
		{6B4454FD-F21C-40CA-B1DB-11C184F69A62}.Debug|Any CPU.ActiveCfg = Debug|Any CPU
		{6B4454FD-F21C-40CA-B1DB-11C184F69A62}.Debug|Any CPU.Build.0 = Debug|Any CPU
		{6B4454FD-F21C-40CA-B1DB-11C184F69A62}.Release|Any CPU.ActiveCfg = Release|Any CPU
		{6B4454FD-F21C-40CA-B1DB-11C184F69A62}.Release|Any CPU.Build.0 = Release|Any CPU
		{36BD8281-E30D-4529-8E8D-F6D1203A16E8}.Debug|Any CPU.ActiveCfg = Debug|Any CPU
		{36BD8281-E30D-4529-8E8D-F6D1203A16E8}.Debug|Any CPU.Build.0 = Debug|Any CPU
		{36BD8281-E30D-4529-8E8D-F6D1203A16E8}.Release|Any CPU.ActiveCfg = Release|Any CPU
		{36BD8281-E30D-4529-8E8D-F6D1203A16E8}.Release|Any CPU.Build.0 = Release|Any CPU
	EndGlobalSection
	GlobalSection(SolutionProperties) = preSolution
		HideSolutionNode = FALSE
	EndGlobalSection
EndGlobal
